// !$*UTF8*$!
{
	archiveVersion = 1;
	classes = {
	};
	objectVersion = 46;
	objects = {

/* Begin PBXBuildFile section */
		3779DFB81B4E82CB00569E21 /* AppDelegate.m in Sources */ = {isa = PBXBuildFile; fileRef = 3779DFB71B4E82CB00569E21 /* AppDelegate.m */; };
		3779DFBB1B4E82CB00569E21 /* main.m in Sources */ = {isa = PBXBuildFile; fileRef = 3779DFBA1B4E82CB00569E21 /* main.m */; };
		3779DFC01B4E82CB00569E21 /* Assets.xcassets in Resources */ = {isa = PBXBuildFile; fileRef = 3779DFBF1B4E82CB00569E21 /* Assets.xcassets */; };
		3779DFC31B4E82CB00569E21 /* Main.storyboard in Resources */ = {isa = PBXBuildFile; fileRef = 3779DFC11B4E82CB00569E21 /* Main.storyboard */; };
		3779DFD11B4E885A00569E21 /* Cocoa.framework in Frameworks */ = {isa = PBXBuildFile; fileRef = 3779DFCE1B4E885A00569E21 /* Cocoa.framework */; };
		3779DFDA1B4E8D1100569E21 /* BrowseViewController.m in Sources */ = {isa = PBXBuildFile; fileRef = 3779DFD91B4E8D1100569E21 /* BrowseViewController.m */; };
		3779DFE01B4F985500569E21 /* ProjectScanner.m in Sources */ = {isa = PBXBuildFile; fileRef = 3779DFDF1B4F985500569E21 /* ProjectScanner.m */; };
		3779DFE31B52327200569E21 /* FilterViewController.m in Sources */ = {isa = PBXBuildFile; fileRef = 3779DFE21B52327200569E21 /* FilterViewController.m */; };
		379429081B566A41003C8103 /* ProjectPatcher.m in Sources */ = {isa = PBXBuildFile; fileRef = 379429071B566A41003C8103 /* ProjectPatcher.m */; };
/* End PBXBuildFile section */

/* Begin PBXFileReference section */
		3779DFB31B4E82CB00569E21 /* Localizer.app */ = {isa = PBXFileReference; explicitFileType = wrapper.application; includeInIndex = 0; path = Localizer.app; sourceTree = BUILT_PRODUCTS_DIR; };
		3779DFB61B4E82CB00569E21 /* AppDelegate.h */ = {isa = PBXFileReference; lastKnownFileType = sourcecode.c.h; path = AppDelegate.h; sourceTree = "<group>"; };
		3779DFB71B4E82CB00569E21 /* AppDelegate.m */ = {isa = PBXFileReference; lastKnownFileType = sourcecode.c.objc; path = AppDelegate.m; sourceTree = "<group>"; };
		3779DFBA1B4E82CB00569E21 /* main.m */ = {isa = PBXFileReference; lastKnownFileType = sourcecode.c.objc; path = main.m; sourceTree = "<group>"; };
		3779DFBF1B4E82CB00569E21 /* Assets.xcassets */ = {isa = PBXFileReference; lastKnownFileType = folder.assetcatalog; path = Assets.xcassets; sourceTree = "<group>"; };
		3779DFC21B4E82CB00569E21 /* Base */ = {isa = PBXFileReference; lastKnownFileType = file.storyboard; name = Base; path = Base.lproj/Main.storyboard; sourceTree = "<group>"; };
		3779DFC41B4E82CB00569E21 /* Info.plist */ = {isa = PBXFileReference; lastKnownFileType = text.plist.xml; path = Info.plist; sourceTree = "<group>"; };
		3779DFCD1B4E885A00569E21 /* AppKit.framework */ = {isa = PBXFileReference; lastKnownFileType = wrapper.framework; name = AppKit.framework; path = System/Library/Frameworks/AppKit.framework; sourceTree = SDKROOT; };
		3779DFCE1B4E885A00569E21 /* Cocoa.framework */ = {isa = PBXFileReference; lastKnownFileType = wrapper.framework; name = Cocoa.framework; path = System/Library/Frameworks/Cocoa.framework; sourceTree = SDKROOT; };
		3779DFCF1B4E885A00569E21 /* Foundation.framework */ = {isa = PBXFileReference; lastKnownFileType = wrapper.framework; name = Foundation.framework; path = System/Library/Frameworks/Foundation.framework; sourceTree = SDKROOT; };
		3779DFD81B4E8D1100569E21 /* BrowseViewController.h */ = {isa = PBXFileReference; fileEncoding = 4; lastKnownFileType = sourcecode.c.h; path = BrowseViewController.h; sourceTree = "<group>"; };
		3779DFD91B4E8D1100569E21 /* BrowseViewController.m */ = {isa = PBXFileReference; fileEncoding = 4; lastKnownFileType = sourcecode.c.objc; path = BrowseViewController.m; sourceTree = "<group>"; };
		3779DFDE1B4F985500569E21 /* ProjectScanner.h */ = {isa = PBXFileReference; fileEncoding = 4; lastKnownFileType = sourcecode.c.h; path = ProjectScanner.h; sourceTree = "<group>"; };
		3779DFDF1B4F985500569E21 /* ProjectScanner.m */ = {isa = PBXFileReference; fileEncoding = 4; lastKnownFileType = sourcecode.c.objc; path = ProjectScanner.m; sourceTree = "<group>"; };
		3779DFE11B52327200569E21 /* FilterViewController.h */ = {isa = PBXFileReference; fileEncoding = 4; lastKnownFileType = sourcecode.c.h; path = FilterViewController.h; sourceTree = "<group>"; };
		3779DFE21B52327200569E21 /* FilterViewController.m */ = {isa = PBXFileReference; fileEncoding = 4; lastKnownFileType = sourcecode.c.objc; path = FilterViewController.m; sourceTree = "<group>"; };
		379429061B566A41003C8103 /* ProjectPatcher.h */ = {isa = PBXFileReference; fileEncoding = 4; lastKnownFileType = sourcecode.c.h; path = ProjectPatcher.h; sourceTree = "<group>"; };
		379429071B566A41003C8103 /* ProjectPatcher.m */ = {isa = PBXFileReference; fileEncoding = 4; lastKnownFileType = sourcecode.c.objc; path = ProjectPatcher.m; sourceTree = "<group>"; };
/* End PBXFileReference section */

/* Begin PBXFrameworksBuildPhase section */
		3779DFB01B4E82CB00569E21 /* Frameworks */ = {
			isa = PBXFrameworksBuildPhase;
			buildActionMask = 2147483647;
			files = (
				3779DFD11B4E885A00569E21 /* Cocoa.framework in Frameworks */,
			);
			runOnlyForDeploymentPostprocessing = 0;
		};
/* End PBXFrameworksBuildPhase section */

/* Begin PBXGroup section */
		3779DFAA1B4E82CB00569E21 = {
			isa = PBXGroup;
			children = (
				3779DFB51B4E82CB00569E21 /* Localizer */,
				3779DFB41B4E82CB00569E21 /* Products */,
				3779DFD31B4E886100569E21 /* Frameworks */,
			);
			sourceTree = "<group>";
		};
		3779DFB41B4E82CB00569E21 /* Products */ = {
			isa = PBXGroup;
			children = (
				3779DFB31B4E82CB00569E21 /* Localizer.app */,
			);
			name = Products;
			sourceTree = "<group>";
		};
		3779DFB51B4E82CB00569E21 /* Localizer */ = {
			isa = PBXGroup;
			children = (
				3779DFB61B4E82CB00569E21 /* AppDelegate.h */,
				3779DFB71B4E82CB00569E21 /* AppDelegate.m */,
				3779DFD81B4E8D1100569E21 /* BrowseViewController.h */,
				3779DFD91B4E8D1100569E21 /* BrowseViewController.m */,
				3779DFBF1B4E82CB00569E21 /* Assets.xcassets */,
				3779DFC11B4E82CB00569E21 /* Main.storyboard */,
				3779DFC41B4E82CB00569E21 /* Info.plist */,
				3779DFB91B4E82CB00569E21 /* Supporting Files */,
				3779DFDE1B4F985500569E21 /* ProjectScanner.h */,
				3779DFDF1B4F985500569E21 /* ProjectScanner.m */,
				3779DFE11B52327200569E21 /* FilterViewController.h */,
				3779DFE21B52327200569E21 /* FilterViewController.m */,
				379429061B566A41003C8103 /* ProjectPatcher.h */,
				379429071B566A41003C8103 /* ProjectPatcher.m */,
			);
			path = Localizer;
			sourceTree = "<group>";
		};
		3779DFB91B4E82CB00569E21 /* Supporting Files */ = {
			isa = PBXGroup;
			children = (
				3779DFBA1B4E82CB00569E21 /* main.m */,
			);
			name = "Supporting Files";
			sourceTree = "<group>";
		};
		3779DFD31B4E886100569E21 /* Frameworks */ = {
			isa = PBXGroup;
			children = (
				3779DFCE1B4E885A00569E21 /* Cocoa.framework */,
				3779DFD41B4E88A200569E21 /* Other Frameworks */,
			);
			name = Frameworks;
			sourceTree = "<group>";
		};
		3779DFD41B4E88A200569E21 /* Other Frameworks */ = {
			isa = PBXGroup;
			children = (
				3779DFCD1B4E885A00569E21 /* AppKit.framework */,
				3779DFCF1B4E885A00569E21 /* Foundation.framework */,
			);
			name = "Other Frameworks";
			sourceTree = "<group>";
		};
/* End PBXGroup section */

/* Begin PBXNativeTarget section */
		3779DFB21B4E82CB00569E21 /* Localizer */ = {
			isa = PBXNativeTarget;
			buildConfigurationList = 3779DFC71B4E82CB00569E21 /* Build configuration list for PBXNativeTarget "Localizer" */;
			buildPhases = (
				3779DFAF1B4E82CB00569E21 /* Sources */,
				3779DFB01B4E82CB00569E21 /* Frameworks */,
				3779DFB11B4E82CB00569E21 /* Resources */,
			);
			buildRules = (
			);
			dependencies = (
			);
			name = Localizer;
			productName = Localizer;
			productReference = 3779DFB31B4E82CB00569E21 /* Localizer.app */;
			productType = "com.apple.product-type.application";
		};
/* End PBXNativeTarget section */

/* Begin PBXProject section */
		3779DFAB1B4E82CB00569E21 /* Project object */ = {
			isa = PBXProject;
			attributes = {
				LastUpgradeCheck = 0700;
				ORGANIZATIONNAME = "LYCL inc.";
				TargetAttributes = {
					3779DFB21B4E82CB00569E21 = {
						CreatedOnToolsVersion = 7.0;
					};
				};
			};
			buildConfigurationList = 3779DFAE1B4E82CB00569E21 /* Build configuration list for PBXProject "Localizer" */;
			compatibilityVersion = "Xcode 3.2";
			developmentRegion = English;
			hasScannedForEncodings = 0;
			knownRegions = (
				en,
				Base,
			);
			mainGroup = 3779DFAA1B4E82CB00569E21;
			productRefGroup = 3779DFB41B4E82CB00569E21 /* Products */;
			projectDirPath = "";
			projectRoot = "";
			targets = (
				3779DFB21B4E82CB00569E21 /* Localizer */,
			);
		};
/* End PBXProject section */

/* Begin PBXResourcesBuildPhase section */
		3779DFB11B4E82CB00569E21 /* Resources */ = {
			isa = PBXResourcesBuildPhase;
			buildActionMask = 2147483647;
			files = (
				3779DFC01B4E82CB00569E21 /* Assets.xcassets in Resources */,
				3779DFC31B4E82CB00569E21 /* Main.storyboard in Resources */,
			);
			runOnlyForDeploymentPostprocessing = 0;
		};
/* End PBXResourcesBuildPhase section */

/* Begin PBXSourcesBuildPhase section */
		3779DFAF1B4E82CB00569E21 /* Sources */ = {
			isa = PBXSourcesBuildPhase;
			buildActionMask = 2147483647;
			files = (
				3779DFE01B4F985500569E21 /* ProjectScanner.m in Sources */,
				379429081B566A41003C8103 /* ProjectPatcher.m in Sources */,
				3779DFBB1B4E82CB00569E21 /* main.m in Sources */,
				3779DFE31B52327200569E21 /* FilterViewController.m in Sources */,
				3779DFB81B4E82CB00569E21 /* AppDelegate.m in Sources */,
				3779DFDA1B4E8D1100569E21 /* BrowseViewController.m in Sources */,
			);
			runOnlyForDeploymentPostprocessing = 0;
		};
/* End PBXSourcesBuildPhase section */

/* Begin PBXVariantGroup section */
		3779DFC11B4E82CB00569E21 /* Main.storyboard */ = {
			isa = PBXVariantGroup;
			children = (
				3779DFC21B4E82CB00569E21 /* Base */,
			);
			name = Main.storyboard;
			sourceTree = "<group>";
		};
/* End PBXVariantGroup section */

/* Begin XCBuildConfiguration section */
		3779DFC51B4E82CB00569E21 /* Debug */ = {
			isa = XCBuildConfiguration;
			buildSettings = {
				ALWAYS_SEARCH_USER_PATHS = NO;
				CLANG_CXX_LANGUAGE_STANDARD = "gnu++0x";
				CLANG_CXX_LIBRARY = "libc++";
				CLANG_ENABLE_MODULES = YES;
				CLANG_ENABLE_OBJC_ARC = YES;
				CLANG_WARN_BOOL_CONVERSION = YES;
				CLANG_WARN_CONSTANT_CONVERSION = YES;
				CLANG_WARN_DIRECT_OBJC_ISA_USAGE = YES_ERROR;
				CLANG_WARN_EMPTY_BODY = YES;
				CLANG_WARN_ENUM_CONVERSION = YES;
				CLANG_WARN_INT_CONVERSION = YES;
				CLANG_WARN_OBJC_ROOT_CLASS = YES_ERROR;
				CLANG_WARN_UNREACHABLE_CODE = YES;
				CLANG_WARN__DUPLICATE_METHOD_MATCH = YES;
				CODE_SIGN_IDENTITY = "-";
				COPY_PHASE_STRIP = NO;
				DEBUG_INFORMATION_FORMAT = dwarf;
				ENABLE_STRICT_OBJC_MSGSEND = YES;
				ENABLE_TESTABILITY = YES;
				GCC_C_LANGUAGE_STANDARD = gnu99;
				GCC_DYNAMIC_NO_PIC = NO;
				GCC_NO_COMMON_BLOCKS = YES;
				GCC_OPTIMIZATION_LEVEL = 0;
				GCC_PREPROCESSOR_DEFINITIONS = (
					"DEBUG=1",
					"$(inherited)",
				);
				GCC_WARN_64_TO_32_BIT_CONVERSION = YES;
				GCC_WARN_ABOUT_RETURN_TYPE = YES_ERROR;
				GCC_WARN_UNDECLARED_SELECTOR = YES;
				GCC_WARN_UNINITIALIZED_AUTOS = YES_AGGRESSIVE;
				GCC_WARN_UNUSED_FUNCTION = YES;
				GCC_WARN_UNUSED_VARIABLE = YES;
				MACOSX_DEPLOYMENT_TARGET = 10.10;
				MTL_ENABLE_DEBUG_INFO = YES;
				ONLY_ACTIVE_ARCH = YES;
				SDKROOT = macosx;
			};
			name = Debug;
		};
		3779DFC61B4E82CB00569E21 /* Release */ = {
			isa = XCBuildConfiguration;
			buildSettings = {
				ALWAYS_SEARCH_USER_PATHS = NO;
				CLANG_CXX_LANGUAGE_STANDARD = "gnu++0x";
				CLANG_CXX_LIBRARY = "libc++";
				CLANG_ENABLE_MODULES = YES;
				CLANG_ENABLE_OBJC_ARC = YES;
				CLANG_WARN_BOOL_CONVERSION = YES;
				CLANG_WARN_CONSTANT_CONVERSION = YES;
				CLANG_WARN_DIRECT_OBJC_ISA_USAGE = YES_ERROR;
				CLANG_WARN_EMPTY_BODY = YES;
				CLANG_WARN_ENUM_CONVERSION = YES;
				CLANG_WARN_INT_CONVERSION = YES;
				CLANG_WARN_OBJC_ROOT_CLASS = YES_ERROR;
				CLANG_WARN_UNREACHABLE_CODE = YES;
				CLANG_WARN__DUPLICATE_METHOD_MATCH = YES;
				CODE_SIGN_IDENTITY = "-";
				COPY_PHASE_STRIP = NO;
				DEBUG_INFORMATION_FORMAT = "dwarf-with-dsym";
				ENABLE_NS_ASSERTIONS = NO;
				ENABLE_STRICT_OBJC_MSGSEND = YES;
				GCC_C_LANGUAGE_STANDARD = gnu99;
				GCC_NO_COMMON_BLOCKS = YES;
				GCC_WARN_64_TO_32_BIT_CONVERSION = YES;
				GCC_WARN_ABOUT_RETURN_TYPE = YES_ERROR;
				GCC_WARN_UNDECLARED_SELECTOR = YES;
				GCC_WARN_UNINITIALIZED_AUTOS = YES_AGGRESSIVE;
				GCC_WARN_UNUSED_FUNCTION = YES;
				GCC_WARN_UNUSED_VARIABLE = YES;
				MACOSX_DEPLOYMENT_TARGET = 10.10;
				MTL_ENABLE_DEBUG_INFO = NO;
				SDKROOT = macosx;
			};
			name = Release;
		};
		3779DFC81B4E82CB00569E21 /* Debug */ = {
			isa = XCBuildConfiguration;
			buildSettings = {
				ASSETCATALOG_COMPILER_APPICON_NAME = AppIcon;
				COMBINE_HIDPI_IMAGES = YES;
				INFOPLIST_FILE = Localizer/Info.plist;
				LD_RUNPATH_SEARCH_PATHS = "$(inherited) @executable_path/../Frameworks";
				PRODUCT_BUNDLE_IDENTIFIER = me.unpa.Localizer;
				PRODUCT_NAME = "$(TARGET_NAME)";
			};
			name = Debug;
		};
		3779DFC91B4E82CB00569E21 /* Release */ = {
			isa = XCBuildConfiguration;
			buildSettings = {
				ASSETCATALOG_COMPILER_APPICON_NAME = AppIcon;
				COMBINE_HIDPI_IMAGES = YES;
				INFOPLIST_FILE = Localizer/Info.plist;
				LD_RUNPATH_SEARCH_PATHS = "$(inherited) @executable_path/../Frameworks";
				PRODUCT_BUNDLE_IDENTIFIER = me.unpa.Localizer;
				PRODUCT_NAME = "$(TARGET_NAME)";
			};
			name = Release;
		};
/* End XCBuildConfiguration section */

/* Begin XCConfigurationList section */
		3779DFAE1B4E82CB00569E21 /* Build configuration list for PBXProject "Localizer" */ = {
			isa = XCConfigurationList;
			buildConfigurations = (
				3779DFC51B4E82CB00569E21 /* Debug */,
				3779DFC61B4E82CB00569E21 /* Release */,
			);
			defaultConfigurationIsVisible = 0;
			defaultConfigurationName = Release;
		};
		3779DFC71B4E82CB00569E21 /* Build configuration list for PBXNativeTarget "Localizer" */ = {
			isa = XCConfigurationList;
			buildConfigurations = (
				3779DFC81B4E82CB00569E21 /* Debug */,
				3779DFC91B4E82CB00569E21 /* Release */,
			);
			defaultConfigurationIsVisible = 0;
			defaultConfigurationName = Release;
		};
/* End XCConfigurationList section */
	};
	rootObject = 3779DFAB1B4E82CB00569E21 /* Project object */;
}
